
Microsoft Visual Studio Solution File, Format Version 12.00
# Visual Studio Version 17
VisualStudioVersion = 17.9.34701.34
MinimumVisualStudioVersion = 10.0.40219.1
Project("{FAE04EC0-301F-11D3-BF4B-00C04F79EFBC}") = "PSD", "PSD\PSD.csproj", "{CF1B8608-1BB1-40C1-9660-48BBF75C298D}"
EndProject
Global
	GlobalSection(SolutionConfigurationPlatforms) = preSolution
		Debug|Any CPU = Debug|Any CPU
		Release|Any CPU = Release|Any CPU
	EndGlobalSection
	GlobalSection(ProjectConfigurationPlatforms) = postSolution
		{CF1B8608-1BB1-40C1-9660-48BBF75C298D}.Debug|Any CPU.ActiveCfg = Debug|Any CPU
		{CF1B8608-1BB1-40C1-9660-48BBF75C298D}.Debug|Any CPU.Build.0 = Debug|Any CPU
		{CF1B8608-1BB1-40C1-9660-48BBF75C298D}.Release|Any CPU.ActiveCfg = Release|Any CPU
		{CF1B8608-1BB1-40C1-9660-48BBF75C298D}.Release|Any CPU.Build.0 = Release|Any CPU
	EndGlobalSection
	GlobalSection(SolutionProperties) = preSolution
		HideSolutionNode = FALSE
	EndGlobalSection
	GlobalSection(ExtensibilityGlobals) = postSolution
		SolutionGuid = {0C770378-10AE-4A62-B1F9-1B12701DD87C}
	EndGlobalSection
EndGlobal
